
Microsoft Visual Studio Solution File, Format Version 12.00
# Visual Studio Version 16
VisualStudioVersion = 16.0.31515.178
MinimumVisualStudioVersion = 10.0.40219.1
Project("{9A19103F-16F7-4668-BE54-9A1E7A4F7556}") = "MicrosoftOrnekBackendUyg", "MicrosoftOrnekBackendUyg\MicrosoftOrnekBackendUyg.csproj", "{12D9706D-DEFD-4E6B-B5F5-193542D1599D}"
EndProject
Project("{9A19103F-16F7-4668-BE54-9A1E7A4F7556}") = "MicrosoftOrnekBackendUyg.Core", "MicrosoftOrnekBackendUyg.Core\MicrosoftOrnekBackendUyg.Core.csproj", "{8CED6B7C-24E9-4638-8772-775E8DE717EA}"
EndProject
Project("{9A19103F-16F7-4668-BE54-9A1E7A4F7556}") = "MicrosoftOrnekBackendUyg.Data", "MicrosoftOrnekBackendUyg.Data\MicrosoftOrnekBackendUyg.Data.csproj", "{13456571-3D4D-4C07-899A-67FBBA8BE7A5}"
EndProject
Project("{9A19103F-16F7-4668-BE54-9A1E7A4F7556}") = "MicrosoftOrnekBackendUyg.Service", "MicrosoftOrnekBackendUyg.Service\MicrosoftOrnekBackendUyg.Service.csproj", "{BD26464C-98CE-4662-B39C-AD2C7E587B83}"
EndProject
Project("{FAE04EC0-301F-11D3-BF4B-00C04F79EFBC}") = "MicrosoftOrnekBackendUyg.Common", "MicrosoftOrnekBackendUyg.Common\MicrosoftOrnekBackendUyg.Common.csproj", "{25FD5A1F-2640-462F-8988-6FEF728E5531}"
EndProject
Global
	GlobalSection(SolutionConfigurationPlatforms) = preSolution
		Debug|Any CPU = Debug|Any CPU
		Release|Any CPU = Release|Any CPU
	EndGlobalSection
	GlobalSection(ProjectConfigurationPlatforms) = postSolution
		{12D9706D-DEFD-4E6B-B5F5-193542D1599D}.Debug|Any CPU.ActiveCfg = Debug|Any CPU
		{12D9706D-DEFD-4E6B-B5F5-193542D1599D}.Debug|Any CPU.Build.0 = Debug|Any CPU
		{12D9706D-DEFD-4E6B-B5F5-193542D1599D}.Release|Any CPU.ActiveCfg = Release|Any CPU
		{12D9706D-DEFD-4E6B-B5F5-193542D1599D}.Release|Any CPU.Build.0 = Release|Any CPU
		{8CED6B7C-24E9-4638-8772-775E8DE717EA}.Debug|Any CPU.ActiveCfg = Debug|Any CPU
		{8CED6B7C-24E9-4638-8772-775E8DE717EA}.Debug|Any CPU.Build.0 = Debug|Any CPU
		{8CED6B7C-24E9-4638-8772-775E8DE717EA}.Release|Any CPU.ActiveCfg = Release|Any CPU
		{8CED6B7C-24E9-4638-8772-775E8DE717EA}.Release|Any CPU.Build.0 = Release|Any CPU
		{13456571-3D4D-4C07-899A-67FBBA8BE7A5}.Debug|Any CPU.ActiveCfg = Debug|Any CPU
		{13456571-3D4D-4C07-899A-67FBBA8BE7A5}.Debug|Any CPU.Build.0 = Debug|Any CPU
		{13456571-3D4D-4C07-899A-67FBBA8BE7A5}.Release|Any CPU.ActiveCfg = Release|Any CPU
		{13456571-3D4D-4C07-899A-67FBBA8BE7A5}.Release|Any CPU.Build.0 = Release|Any CPU
		{BD26464C-98CE-4662-B39C-AD2C7E587B83}.Debug|Any CPU.ActiveCfg = Debug|Any CPU
		{BD26464C-98CE-4662-B39C-AD2C7E587B83}.Debug|Any CPU.Build.0 = Debug|Any CPU
		{BD26464C-98CE-4662-B39C-AD2C7E587B83}.Release|Any CPU.ActiveCfg = Release|Any CPU
		{BD26464C-98CE-4662-B39C-AD2C7E587B83}.Release|Any CPU.Build.0 = Release|Any CPU
		{25FD5A1F-2640-462F-8988-6FEF728E5531}.Debug|Any CPU.ActiveCfg = Debug|Any CPU
		{25FD5A1F-2640-462F-8988-6FEF728E5531}.Debug|Any CPU.Build.0 = Debug|Any CPU
		{25FD5A1F-2640-462F-8988-6FEF728E5531}.Release|Any CPU.ActiveCfg = Release|Any CPU
		{25FD5A1F-2640-462F-8988-6FEF728E5531}.Release|Any CPU.Build.0 = Release|Any CPU
	EndGlobalSection
	GlobalSection(SolutionProperties) = preSolution
		HideSolutionNode = FALSE
	EndGlobalSection
	GlobalSection(ExtensibilityGlobals) = postSolution
		SolutionGuid = {EE695984-B336-487C-947D-9884D13BDF6D}
	EndGlobalSection
EndGlobal
